{
  "name": "AWS_DIO_SERVELESS", // Define o novo nome do projeto
  "version": "1.0.0", // Define a versão do projeto
  "lockfileVersion": 2, // Define a versão do arquivo de bloqueio de instalação de pacotes
  "requires": true, // Define se o arquivo de bloqueio de instalação de pacotes é obrigatório
  "packages": { // Define os pacotes necessários para o projeto
    "": { // Pacote raiz do projeto
      "version": "1.0.0", // Define a versão do pacote
      "license": "ISC", // Define a licença do pacote
      "dependencies": { // Define as dependências do pacote
        "aws-sdk": "^2.955.0", // Dependência do AWS SDK
        "uuid": "^8.3.2" // Dependência do pacote UUID
      }
    },
    "node_modules/aws-sdk": { // Pacote do AWS SDK
      "version": "2.955.0", // Define a versão do pacote
      "resolved": "https://registry.npmjs.org/aws-sdk/-/aws-sdk-2.955.0.tgz", // URL de onde o pacote foi baixado
      "integrity": "sha512-/C3pYcZxlhrhHBzW2eHCtBiMqFQlBB7mpcR/lpKzCg1AqxOuC3zXbrjH4qIhauNWeOzwX75O0wlvnPob1HvV9w==", // Hash de integridade do pacote
      "hasInstallScript": true, // Define se o pacote tem um script de instalação
      "dependencies": { // Define as dependências do pacote
        "buffer": "4.9.2",
        "events": "1.1.1",
        "ieee754": "1.1.13",
        "jmespath": "0.15.0",
        "querystring": "0.2.0",
        "sax": "1.2.1",
        "url": "0.10.3",
        "uuid": "3.3.2",
        "xml2js": "0.4.19"
      },
      "engines": { // Define as versões do NodeJS compatíveis com o pacote
        "node": ">= 0.8.0"
      }
    },
    "node_modules/aws-sdk/node_modules/uuid": { // Pacote UUID, que é uma dependência do AWS SDK
      "version": "3.3.2", // Define a versão do pacote
      "resolved": "https://registry.npmjs.org/uuid/-/uuid-3.3.2.tgz", // URL de onde o pacote foi baixado
      "integrity": "sha512-yXJmeNaw3DnnKAOKJE51sL/ZaYfWJRl1pK9dr19YFCu0ObS231AB1/LbqTKRAQ5kw8A90rA6fr4riOUpTZvQZA==", // Hash de integridade do pacote
      "deprecated": "Please upgrade  to version 7 or higher.  Older versions may use Math.random() in certain


